
Microsoft Visual Studio Solution File, Format Version 12.00
# Visual Studio Version 17
VisualStudioVersion = 17.5.002.0
MinimumVisualStudioVersion = 10.0.40219.1
Project("{9A19103F-16F7-4668-BE54-9A1E7A4F7556}") = "DesafioPOO", "DesafioPOO.csproj", "{A6897F7F-540F-4FAE-8C6C-B62329E04C1C}"
EndProject
Global
	GlobalSection(SolutionConfigurationPlatforms) = preSolution
		Debug|Any CPU = Debug|Any CPU
		Release|Any CPU = Release|Any CPU
	EndGlobalSection
	GlobalSection(ProjectConfigurationPlatforms) = postSolution
		{A6897F7F-540F-4FAE-8C6C-B62329E04C1C}.Debug|Any CPU.ActiveCfg = Debug|Any CPU
		{A6897F7F-540F-4FAE-8C6C-B62329E04C1C}.Debug|Any CPU.Build.0 = Debug|Any CPU
		{A6897F7F-540F-4FAE-8C6C-B62329E04C1C}.Release|Any CPU.ActiveCfg = Release|Any CPU
		{A6897F7F-540F-4FAE-8C6C-B62329E04C1C}.Release|Any CPU.Build.0 = Release|Any CPU
	EndGlobalSection
	GlobalSection(SolutionProperties) = preSolution
		HideSolutionNode = FALSE
	EndGlobalSection
	GlobalSection(ExtensibilityGlobals) = postSolution
		SolutionGuid = {D87BA65F-958F-4823-8042-B2BBD089555C}
	EndGlobalSection
EndGlobal
