
Microsoft Visual Studio Solution File, Format Version 12.00
# Visual Studio Version 17
VisualStudioVersion = 17.5.002.0
MinimumVisualStudioVersion = 10.0.40219.1
Project("{9A19103F-16F7-4668-BE54-9A1E7A4F7556}") = "DesafioPOO", "DesafioPOO.csproj", "{7225F92B-114B-4D3C-913F-CE77418F00B0}"
EndProject
Global
	GlobalSection(SolutionConfigurationPlatforms) = preSolution
		Debug|Any CPU = Debug|Any CPU
		Release|Any CPU = Release|Any CPU
	EndGlobalSection
	GlobalSection(ProjectConfigurationPlatforms) = postSolution
		{7225F92B-114B-4D3C-913F-CE77418F00B0}.Debug|Any CPU.ActiveCfg = Debug|Any CPU
		{7225F92B-114B-4D3C-913F-CE77418F00B0}.Debug|Any CPU.Build.0 = Debug|Any CPU
		{7225F92B-114B-4D3C-913F-CE77418F00B0}.Release|Any CPU.ActiveCfg = Release|Any CPU
		{7225F92B-114B-4D3C-913F-CE77418F00B0}.Release|Any CPU.Build.0 = Release|Any CPU
	EndGlobalSection
	GlobalSection(SolutionProperties) = preSolution
		HideSolutionNode = FALSE
	EndGlobalSection
	GlobalSection(ExtensibilityGlobals) = postSolution
		SolutionGuid = {4E5E8296-9DD4-4AAE-8AD0-89F8B73909E5}
	EndGlobalSection
EndGlobal
