
Microsoft Visual Studio Solution File, Format Version 12.00
# Visual Studio Version 17
VisualStudioVersion = 17.5.002.0
MinimumVisualStudioVersion = 10.0.40219.1
Project("{9A19103F-16F7-4668-BE54-9A1E7A4F7556}") = "DesafioPOO", "DesafioPOO.csproj", "{7A4D1351-6A12-4964-91C5-D1D58F4B48D1}"
EndProject
Global
	GlobalSection(SolutionConfigurationPlatforms) = preSolution
		Debug|Any CPU = Debug|Any CPU
		Release|Any CPU = Release|Any CPU
	EndGlobalSection
	GlobalSection(ProjectConfigurationPlatforms) = postSolution
		{7A4D1351-6A12-4964-91C5-D1D58F4B48D1}.Debug|Any CPU.ActiveCfg = Debug|Any CPU
		{7A4D1351-6A12-4964-91C5-D1D58F4B48D1}.Debug|Any CPU.Build.0 = Debug|Any CPU
		{7A4D1351-6A12-4964-91C5-D1D58F4B48D1}.Release|Any CPU.ActiveCfg = Release|Any CPU
		{7A4D1351-6A12-4964-91C5-D1D58F4B48D1}.Release|Any CPU.Build.0 = Release|Any CPU
	EndGlobalSection
	GlobalSection(SolutionProperties) = preSolution
		HideSolutionNode = FALSE
	EndGlobalSection
	GlobalSection(ExtensibilityGlobals) = postSolution
		SolutionGuid = {CCC948CA-9BC2-44BD-B064-E7000A57D248}
	EndGlobalSection
EndGlobal
